// !$*UTF8*$!
{
	archiveVersion = 1;
	classes = {
	};
	objectVersion = 46;
	objects = {

/* Begin PBXBuildFile section */
		01D092771D5919D90085FF30 /* AppDelegate.swift in Sources */ = {isa = PBXBuildFile; fileRef = 01D092761D5919D90085FF30 /* AppDelegate.swift */; };
		01D092791D5919D90085FF30 /* ViewController.swift in Sources */ = {isa = PBXBuildFile; fileRef = 01D092781D5919D90085FF30 /* ViewController.swift */; };
		01D0927C1D5919D90085FF30 /* Main.storyboard in Resources */ = {isa = PBXBuildFile; fileRef = 01D0927A1D5919D90085FF30 /* Main.storyboard */; };
		01D0927F1D5919D90085FF30 /* GameCollector.xcdatamodeld in Sources */ = {isa = PBXBuildFile; fileRef = 01D0927D1D5919D90085FF30 /* GameCollector.xcdatamodeld */; };
		01D092811D5919D90085FF30 /* Assets.xcassets in Resources */ = {isa = PBXBuildFile; fileRef = 01D092801D5919D90085FF30 /* Assets.xcassets */; };
		01D092841D5919D90085FF30 /* LaunchScreen.storyboard in Resources */ = {isa = PBXBuildFile; fileRef = 01D092821D5919D90085FF30 /* LaunchScreen.storyboard */; };
/* End PBXBuildFile section */

/* Begin PBXFileReference section */
		01D092731D5919D90085FF30 /* GameCollector.app */ = {isa = PBXFileReference; explicitFileType = wrapper.application; includeInIndex = 0; path = GameCollector.app; sourceTree = BUILT_PRODUCTS_DIR; };
		01D092761D5919D90085FF30 /* AppDelegate.swift */ = {isa = PBXFileReference; lastKnownFileType = sourcecode.swift; path = AppDelegate.swift; sourceTree = "<group>"; };
		01D092781D5919D90085FF30 /* ViewController.swift */ = {isa = PBXFileReference; lastKnownFileType = sourcecode.swift; path = ViewController.swift; sourceTree = "<group>"; };
		01D0927B1D5919D90085FF30 /* Base */ = {isa = PBXFileReference; lastKnownFileType = file.storyboard; name = Base; path = Base.lproj/Main.storyboard; sourceTree = "<group>"; };
		01D0927E1D5919D90085FF30 /* GameCollector.xcdatamodel */ = {isa = PBXFileReference; lastKnownFileType = wrapper.xcdatamodel; path = GameCollector.xcdatamodel; sourceTree = "<group>"; };
		01D092801D5919D90085FF30 /* Assets.xcassets */ = {isa = PBXFileReference; lastKnownFileType = folder.assetcatalog; path = Assets.xcassets; sourceTree = "<group>"; };
		01D092831D5919D90085FF30 /* Base */ = {isa = PBXFileReference; lastKnownFileType = file.storyboard; name = Base; path = Base.lproj/LaunchScreen.storyboard; sourceTree = "<group>"; };
		01D092851D5919D90085FF30 /* Info.plist */ = {isa = PBXFileReference; lastKnownFileType = text.plist.xml; path = Info.plist; sourceTree = "<group>"; };
/* End PBXFileReference section */

/* Begin PBXFrameworksBuildPhase section */
		01D092701D5919D80085FF30 /* Frameworks */ = {
			isa = PBXFrameworksBuildPhase;
			buildActionMask = 2147483647;
			files = (
			);
			runOnlyForDeploymentPostprocessing = 0;
		};
/* End PBXFrameworksBuildPhase section */

/* Begin PBXGroup section */
		01D0926A1D5919D80085FF30 = {
			isa = PBXGroup;
			children = (
				01D092751D5919D90085FF30 /* GameCollector */,
				01D092741D5919D90085FF30 /* Products */,
			);
			sourceTree = "<group>";
		};
		01D092741D5919D90085FF30 /* Products */ = {
			isa = PBXGroup;
			children = (
				01D092731D5919D90085FF30 /* GameCollector.app */,
			);
			name = Products;
			sourceTree = "<group>";
		};
		01D092751D5919D90085FF30 /* GameCollector */ = {
			isa = PBXGroup;
			children = (
				01D092761D5919D90085FF30 /* AppDelegate.swift */,
				01D092781D5919D90085FF30 /* ViewController.swift */,
				01D0927A1D5919D90085FF30 /* Main.storyboard */,
				01D092801D5919D90085FF30 /* Assets.xcassets */,
				01D092821D5919D90085FF30 /* LaunchScreen.storyboard */,
				01D092851D5919D90085FF30 /* Info.plist */,
				01D0927D1D5919D90085FF30 /* GameCollector.xcdatamodeld */,
			);
			path = GameCollector;
			sourceTree = "<group>";
		};
/* End PBXGroup section */

/* Begin PBXNativeTarget section */
		01D092721D5919D80085FF30 /* GameCollector */ = {
			isa = PBXNativeTarget;
			buildConfigurationList = 01D092881D5919D90085FF30 /* Build configuration list for PBXNativeTarget "GameCollector" */;
			buildPhases = (
				01D0926F1D5919D80085FF30 /* Sources */,
				01D092701D5919D80085FF30 /* Frameworks */,
				01D092711D5919D80085FF30 /* Resources */,
			);
			buildRules = (
			);
			dependencies = (
			);
			name = GameCollector;
			productName = GameCollector;
			productReference = 01D092731D5919D90085FF30 /* GameCollector.app */;
			productType = "com.apple.product-type.application";
		};
/* End PBXNativeTarget section */

/* Begin PBXProject section */
		01D0926B1D5919D80085FF30 /* Project object */ = {
			isa = PBXProject;
			attributes = {
				LastSwiftUpdateCheck = 0800;
				LastUpgradeCheck = 0800;
				ORGANIZATIONNAME = "Zappy Code";
				TargetAttributes = {
					01D092721D5919D80085FF30 = {
						CreatedOnToolsVersion = 8.0;
						DevelopmentTeam = WLDBM3YRW9;
						ProvisioningStyle = Automatic;
					};
				};
			};
			buildConfigurationList = 01D0926E1D5919D80085FF30 /* Build configuration list for PBXProject "GameCollector" */;
			compatibilityVersion = "Xcode 3.2";
			developmentRegion = English;
			hasScannedForEncodings = 0;
			knownRegions = (
				en,
				Base,
			);
			mainGroup = 01D0926A1D5919D80085FF30;
			productRefGroup = 01D092741D5919D90085FF30 /* Products */;
			projectDirPath = "";
			projectRoot = "";
			targets = (
				01D092721D5919D80085FF30 /* GameCollector */,
			);
		};
/* End PBXProject section */

/* Begin PBXResourcesBuildPhase section */
		01D092711D5919D80085FF30 /* Resources */ = {
			isa = PBXResourcesBuildPhase;
			buildActionMask = 2147483647;
			files = (
				01D092841D5919D90085FF30 /* LaunchScreen.storyboard in Resources */,
				01D092811D5919D90085FF30 /* Assets.xcassets in Resources */,
				01D0927C1D5919D90085FF30 /* Main.storyboard in Resources */,
			);
			runOnlyForDeploymentPostprocessing = 0;
		};
/* End PBXResourcesBuildPhase section */

/* Begin PBXSourcesBuildPhase section */
		01D0926F1D5919D80085FF30 /* Sources */ = {
			isa = PBXSourcesBuildPhase;
			buildActionMask = 2147483647;
			files = (
				01D0927F1D5919D90085FF30 /* GameCollector.xcdatamodeld in Sources */,
				01D092791D5919D90085FF30 /* ViewController.swift in Sources */,
				01D092771D5919D90085FF30 /* AppDelegate.swift in Sources */,
			);
			runOnlyForDeploymentPostprocessing = 0;
		};
/* End PBXSourcesBuildPhase section */

/* Begin PBXVariantGroup section */
		01D0927A1D5919D90085FF30 /* Main.storyboard */ = {
			isa = PBXVariantGroup;
			children = (
				01D0927B1D5919D90085FF30 /* Base */,
			);
			name = Main.storyboard;
			sourceTree = "<group>";
		};
		01D092821D5919D90085FF30 /* LaunchScreen.storyboard */ = {
			isa = PBXVariantGroup;
			children = (
				01D092831D5919D90085FF30 /* Base */,
			);
			name = LaunchScreen.storyboard;
			sourceTree = "<group>";
		};
/* End PBXVariantGroup section */

/* Begin XCBuildConfiguration section */
		01D092861D5919D90085FF30 /* Debug */ = {
			isa = XCBuildConfiguration;
			buildSettings = {
				ALWAYS_SEARCH_USER_PATHS = NO;
				CLANG_ANALYZER_NONNULL = YES;
				CLANG_CXX_LANGUAGE_STANDARD = "gnu++0x";
				CLANG_CXX_LIBRARY = "libc++";
				CLANG_ENABLE_MODULES = YES;
				CLANG_ENABLE_OBJC_ARC = YES;
				CLANG_WARN_BOOL_CONVERSION = YES;
				CLANG_WARN_CONSTANT_CONVERSION = YES;
				CLANG_WARN_DIRECT_OBJC_ISA_USAGE = YES_ERROR;
				CLANG_WARN_DOCUMENTATION_COMMENTS = YES;
				CLANG_WARN_EMPTY_BODY = YES;
				CLANG_WARN_ENUM_CONVERSION = YES;
				CLANG_WARN_INFINITE_RECURSION = YES;
				CLANG_WARN_INT_CONVERSION = YES;
				CLANG_WARN_OBJC_ROOT_CLASS = YES_ERROR;
				CLANG_WARN_SUSPICIOUS_MOVES = YES;
				CLANG_WARN_UNREACHABLE_CODE = YES;
				CLANG_WARN__DUPLICATE_METHOD_MATCH = YES;
				"CODE_SIGN_IDENTITY[sdk=iphoneos*]" = "iPhone Developer";
				COPY_PHASE_STRIP = NO;
				DEBUG_INFORMATION_FORMAT = dwarf;
				ENABLE_STRICT_OBJC_MSGSEND = YES;
				ENABLE_TESTABILITY = YES;
				GCC_C_LANGUAGE_STANDARD = gnu99;
				GCC_DYNAMIC_NO_PIC = NO;
				GCC_NO_COMMON_BLOCKS = YES;
				GCC_OPTIMIZATION_LEVEL = 0;
				GCC_PREPROCESSOR_DEFINITIONS = (
					"DEBUG=1",
					"$(inherited)",
				);
				GCC_WARN_64_TO_32_BIT_CONVERSION = YES;
				GCC_WARN_ABOUT_RETURN_TYPE = YES_ERROR;
				GCC_WARN_UNDECLARED_SELECTOR = YES;
				GCC_WARN_UNINITIALIZED_AUTOS = YES_AGGRESSIVE;
				GCC_WARN_UNUSED_FUNCTION = YES;
				GCC_WARN_UNUSED_VARIABLE = YES;
				IPHONEOS_DEPLOYMENT_TARGET = 10.0;
				MTL_ENABLE_DEBUG_INFO = YES;
				ONLY_ACTIVE_ARCH = YES;
				SDKROOT = iphoneos;
				SWIFT_ACTIVE_COMPILATION_CONDITIONS = DEBUG;
				SWIFT_OPTIMIZATION_LEVEL = "-Onone";
				TARGETED_DEVICE_FAMILY = "1,2";
			};
			name = Debug;
		};
		01D092871D5919D90085FF30 /* Release */ = {
			isa = XCBuildConfiguration;
			buildSettings = {
				ALWAYS_SEARCH_USER_PATHS = NO;
				CLANG_ANALYZER_NONNULL = YES;
				CLANG_CXX_LANGUAGE_STANDARD = "gnu++0x";
				CLANG_CXX_LIBRARY = "libc++";
				CLANG_ENABLE_MODULES = YES;
				CLANG_ENABLE_OBJC_ARC = YES;
				CLANG_WARN_BOOL_CONVERSION = YES;
				CLANG_WARN_CONSTANT_CONVERSION = YES;
				CLANG_WARN_DIRECT_OBJC_ISA_USAGE = YES_ERROR;
				CLANG_WARN_DOCUMENTATION_COMMENTS = YES;
				CLANG_WARN_EMPTY_BODY = YES;
				CLANG_WARN_ENUM_CONVERSION = YES;
				CLANG_WARN_INFINITE_RECURSION = YES;
				CLANG_WARN_INT_CONVERSION = YES;
				CLANG_WARN_OBJC_ROOT_CLASS = YES_ERROR;
				CLANG_WARN_SUSPICIOUS_MOVES = YES;
				CLANG_WARN_UNREACHABLE_CODE = YES;
				CLANG_WARN__DUPLICATE_METHOD_MATCH = YES;
				"CODE_SIGN_IDENTITY[sdk=iphoneos*]" = "iPhone Developer";
				COPY_PHASE_STRIP = NO;
				DEBUG_INFORMATION_FORMAT = "dwarf-with-dsym";
				ENABLE_NS_ASSERTIONS = NO;
				ENABLE_STRICT_OBJC_MSGSEND = YES;
				GCC_C_LANGUAGE_STANDARD = gnu99;
				GCC_NO_COMMON_BLOCKS = YES;
				GCC_WARN_64_TO_32_BIT_CONVERSION = YES;
				GCC_WARN_ABOUT_RETURN_TYPE = YES_ERROR;
				GCC_WARN_UNDECLARED_SELECTOR = YES;
				GCC_WARN_UNINITIALIZED_AUTOS = YES_AGGRESSIVE;
				GCC_WARN_UNUSED_FUNCTION = YES;
				GCC_WARN_UNUSED_VARIABLE = YES;
				IPHONEOS_DEPLOYMENT_TARGET = 10.0;
				MTL_ENABLE_DEBUG_INFO = NO;
				SDKROOT = iphoneos;
				SWIFT_OPTIMIZATION_LEVEL = "-Owholemodule";
				TARGETED_DEVICE_FAMILY = "1,2";
				VALIDATE_PRODUCT = YES;
			};
			name = Release;
		};
		01D092891D5919D90085FF30 /* Debug */ = {
			isa = XCBuildConfiguration;
			buildSettings = {
				ASSETCATALOG_COMPILER_APPICON_NAME = AppIcon;
				DEVELOPMENT_TEAM = WLDBM3YRW9;
				INFOPLIST_FILE = GameCollector/Info.plist;
				LD_RUNPATH_SEARCH_PATHS = "$(inherited) @executable_path/Frameworks";
				PRODUCT_BUNDLE_IDENTIFIER = com.zappyCode.GameCollector;
				PRODUCT_NAME = "$(TARGET_NAME)";
				SWIFT_VERSION = 3.0;
			};
			name = Debug;
		};
		01D0928A1D5919D90085FF30 /* Release */ = {
			isa = XCBuildConfiguration;
			buildSettings = {
				ASSETCATALOG_COMPILER_APPICON_NAME = AppIcon;
				DEVELOPMENT_TEAM = WLDBM3YRW9;
				INFOPLIST_FILE = GameCollector/Info.plist;
				LD_RUNPATH_SEARCH_PATHS = "$(inherited) @executable_path/Frameworks";
				PRODUCT_BUNDLE_IDENTIFIER = com.zappyCode.GameCollector;
				PRODUCT_NAME = "$(TARGET_NAME)";
				SWIFT_VERSION = 3.0;
			};
			name = Release;
		};
/* End XCBuildConfiguration section */

/* Begin XCConfigurationList section */
		01D0926E1D5919D80085FF30 /* Build configuration list for PBXProject "GameCollector" */ = {
			isa = XCConfigurationList;
			buildConfigurations = (
				01D092861D5919D90085FF30 /* Debug */,
				01D092871D5919D90085FF30 /* Release */,
			);
			defaultConfigurationIsVisible = 0;
			defaultConfigurationName = Release;
		};
		01D092881D5919D90085FF30 /* Build configuration list for PBXNativeTarget "GameCollector" */ = {
			isa = XCConfigurationList;
			buildConfigurations = (
				01D092891D5919D90085FF30 /* Debug */,
				01D0928A1D5919D90085FF30 /* Release */,
			);
			defaultConfigurationIsVisible = 0;
		};
/* End XCConfigurationList section */

/* Begin XCVersionGroup section */
		01D0927D1D5919D90085FF30 /* GameCollector.xcdatamodeld */ = {
			isa = XCVersionGroup;
			children = (
				01D0927E1D5919D90085FF30 /* GameCollector.xcdatamodel */,
			);
			currentVersion = 01D0927E1D5919D90085FF30 /* GameCollector.xcdatamodel */;
			path = GameCollector.xcdatamodeld;
			sourceTree = "<group>";
			versionGroupType = wrapper.xcdatamodel;
		};
/* End XCVersionGroup section */
	};
	rootObject = 01D0926B1D5919D80085FF30 /* Project object */;
}
